
Microsoft Visual Studio Solution File, Format Version 12.00
# Visual Studio 2012
Project("{FAE04EC0-301F-11D3-BF4B-00C04F79EFBC}") = "TipCalculator", "TipCalculator\TipCalculator.csproj", "{236BD29D-19C5-4C07-A154-96D35A1EAA3D}"
EndProject
Project("{FAE04EC0-301F-11D3-BF4B-00C04F79EFBC}") = "TipCalculator.iOS", "iOS\TipCalculator.iOS.csproj", "{612E7444-8602-4E79-AE68-E2173CB8E95E}"
EndProject
Project("{FAE04EC0-301F-11D3-BF4B-00C04F79EFBC}") = "TipCalculator.Droid", "Droid\TipCalculator.Droid.csproj", "{67A702FC-549F-473A-A8A4-FBD86069730F}"
EndProject
Global
	GlobalSection(SolutionConfigurationPlatforms) = preSolution
		Debug|Any CPU = Debug|Any CPU
		Release|Any CPU = Release|Any CPU
		Debug|iPhoneSimulator = Debug|iPhoneSimulator
		Release|iPhone = Release|iPhone
		Release|iPhoneSimulator = Release|iPhoneSimulator
		Debug|iPhone = Debug|iPhone
	EndGlobalSection
	GlobalSection(ProjectConfigurationPlatforms) = postSolution
		{236BD29D-19C5-4C07-A154-96D35A1EAA3D}.Debug|Any CPU.ActiveCfg = Debug|Any CPU
		{236BD29D-19C5-4C07-A154-96D35A1EAA3D}.Debug|Any CPU.Build.0 = Debug|Any CPU
		{236BD29D-19C5-4C07-A154-96D35A1EAA3D}.Release|Any CPU.ActiveCfg = Release|Any CPU
		{236BD29D-19C5-4C07-A154-96D35A1EAA3D}.Release|Any CPU.Build.0 = Release|Any CPU
		{236BD29D-19C5-4C07-A154-96D35A1EAA3D}.Debug|iPhoneSimulator.ActiveCfg = Debug|Any CPU
		{236BD29D-19C5-4C07-A154-96D35A1EAA3D}.Debug|iPhoneSimulator.Build.0 = Debug|Any CPU
		{236BD29D-19C5-4C07-A154-96D35A1EAA3D}.Release|iPhone.ActiveCfg = Release|Any CPU
		{236BD29D-19C5-4C07-A154-96D35A1EAA3D}.Release|iPhone.Build.0 = Release|Any CPU
		{236BD29D-19C5-4C07-A154-96D35A1EAA3D}.Release|iPhoneSimulator.ActiveCfg = Release|Any CPU
		{236BD29D-19C5-4C07-A154-96D35A1EAA3D}.Release|iPhoneSimulator.Build.0 = Release|Any CPU
		{236BD29D-19C5-4C07-A154-96D35A1EAA3D}.Debug|iPhone.ActiveCfg = Debug|Any CPU
		{236BD29D-19C5-4C07-A154-96D35A1EAA3D}.Debug|iPhone.Build.0 = Debug|Any CPU
		{612E7444-8602-4E79-AE68-E2173CB8E95E}.Debug|Any CPU.ActiveCfg = Debug|iPhoneSimulator
		{612E7444-8602-4E79-AE68-E2173CB8E95E}.Debug|Any CPU.Build.0 = Debug|iPhoneSimulator
		{612E7444-8602-4E79-AE68-E2173CB8E95E}.Release|Any CPU.ActiveCfg = Release|iPhone
		{612E7444-8602-4E79-AE68-E2173CB8E95E}.Release|Any CPU.Build.0 = Release|iPhone
		{612E7444-8602-4E79-AE68-E2173CB8E95E}.Debug|iPhoneSimulator.ActiveCfg = Debug|iPhoneSimulator
		{612E7444-8602-4E79-AE68-E2173CB8E95E}.Debug|iPhoneSimulator.Build.0 = Debug|iPhoneSimulator
		{612E7444-8602-4E79-AE68-E2173CB8E95E}.Release|iPhone.ActiveCfg = Release|iPhone
		{612E7444-8602-4E79-AE68-E2173CB8E95E}.Release|iPhone.Build.0 = Release|iPhone
		{612E7444-8602-4E79-AE68-E2173CB8E95E}.Release|iPhoneSimulator.ActiveCfg = Release|iPhoneSimulator
		{612E7444-8602-4E79-AE68-E2173CB8E95E}.Release|iPhoneSimulator.Build.0 = Release|iPhoneSimulator
		{612E7444-8602-4E79-AE68-E2173CB8E95E}.Debug|iPhone.ActiveCfg = Debug|iPhone
		{612E7444-8602-4E79-AE68-E2173CB8E95E}.Debug|iPhone.Build.0 = Debug|iPhone
		{67A702FC-549F-473A-A8A4-FBD86069730F}.Debug|Any CPU.ActiveCfg = Debug|Any CPU
		{67A702FC-549F-473A-A8A4-FBD86069730F}.Debug|Any CPU.Build.0 = Debug|Any CPU
		{67A702FC-549F-473A-A8A4-FBD86069730F}.Release|Any CPU.ActiveCfg = Release|Any CPU
		{67A702FC-549F-473A-A8A4-FBD86069730F}.Release|Any CPU.Build.0 = Release|Any CPU
		{67A702FC-549F-473A-A8A4-FBD86069730F}.Debug|iPhoneSimulator.ActiveCfg = Debug|Any CPU
		{67A702FC-549F-473A-A8A4-FBD86069730F}.Debug|iPhoneSimulator.Build.0 = Debug|Any CPU
		{67A702FC-549F-473A-A8A4-FBD86069730F}.Release|iPhone.ActiveCfg = Release|Any CPU
		{67A702FC-549F-473A-A8A4-FBD86069730F}.Release|iPhone.Build.0 = Release|Any CPU
		{67A702FC-549F-473A-A8A4-FBD86069730F}.Release|iPhoneSimulator.ActiveCfg = Release|Any CPU
		{67A702FC-549F-473A-A8A4-FBD86069730F}.Release|iPhoneSimulator.Build.0 = Release|Any CPU
		{67A702FC-549F-473A-A8A4-FBD86069730F}.Debug|iPhone.ActiveCfg = Debug|Any CPU
		{67A702FC-549F-473A-A8A4-FBD86069730F}.Debug|iPhone.Build.0 = Debug|Any CPU
	EndGlobalSection
EndGlobal
